<?xml version="1.0" encoding="utf-8"?>
<Project ToolsVersion="4.0" xmlns="http://schemas.microsoft.com/developer/msbuild/2003">
  <ItemGroup>
    <Filter Include="Source Files">
      <UniqueIdentifier>{c9153539-6a97-42c2-9b7c-4fb8b4fce1ea}</UniqueIdentifier>
      <Extensions>cpp;c;cxx;rc;def;r;odl;idl;hpj;bat</Extensions>
    </Filter>
    <Filter Include="Header Files">
      <UniqueIdentifier>{9ce4b3d2-8ae7-4c81-8652-f4d478250b4d}</UniqueIdentifier>
      <Extensions>h;hpp;hxx;hm;inl</Extensions>
    </Filter>
    <Filter Include="Lint Options">
      <UniqueIdentifier>{ed14f328-a88c-4f92-b3f9-2a5c884330d9}</UniqueIdentifier>
    </Filter>
  </ItemGroup>
  <ItemGroup>
    <ClCompile Include="AutoResetEvent.cpp">
      <Filter>Source Files</Filter>
    </ClCompile>
    <ClCompile Include="CriticalSection.cpp">
      <Filter>Source Files</Filter>
    </ClCompile>
    <ClCompile Include="Event.cpp">
      <Filter>Source Files</Filter>
    </ClCompile>
    <ClCompile Include="Exception.cpp">
      <Filter>Source Files</Filter>
    </ClCompile>
    <ClCompile Include="IOBuffer.cpp">
      <Filter>Source Files</Filter>
    </ClCompile>
    <ClCompile Include="IOCompletionPort.cpp">
      <Filter>Source Files</Filter>
    </ClCompile>
    <ClCompile Include="ManualResetEvent.cpp">
      <Filter>Source Files</Filter>
    </ClCompile>
    <ClCompile Include="NamedIndex.cpp">
      <Filter>Source Files</Filter>
    </ClCompile>
    <ClCompile Include="NodeList.cpp">
      <Filter>Source Files</Filter>
    </ClCompile>
    <ClCompile Include="SharedCriticalSection.cpp">
      <Filter>Source Files</Filter>
    </ClCompile>
    <ClCompile Include="Socket.cpp">
      <Filter>Source Files</Filter>
    </ClCompile>
    <ClCompile Include="SocketAddress.cpp">
      <Filter>Source Files</Filter>
    </ClCompile>
    <ClCompile Include="SocketServer.cpp">
      <Filter>Source Files</Filter>
    </ClCompile>
    <ClCompile Include="StringConverter.cpp">
      <Filter>Source Files</Filter>
    </ClCompile>
    <ClCompile Include="Thread.cpp">
      <Filter>Source Files</Filter>
    </ClCompile>
    <ClCompile Include="ThreadPool.cpp">
      <Filter>Source Files</Filter>
    </ClCompile>
    <ClCompile Include="UsesWinsock.cpp">
      <Filter>Source Files</Filter>
    </ClCompile>
    <ClCompile Include="Utils.cpp">
      <Filter>Source Files</Filter>
    </ClCompile>
    <ClCompile Include="Win32Exception.cpp">
      <Filter>Source Files</Filter>
    </ClCompile>
  </ItemGroup>
  <ItemGroup>
    <ClInclude Include="AutoResetEvent.h">
      <Filter>Header Files</Filter>
    </ClInclude>
    <ClInclude Include="CriticalSection.h">
      <Filter>Header Files</Filter>
    </ClInclude>
    <ClInclude Include="Event.h">
      <Filter>Header Files</Filter>
    </ClInclude>
    <ClInclude Include="Exception.h">
      <Filter>Header Files</Filter>
    </ClInclude>
    <ClInclude Include="ICriticalSectionFactory.h">
      <Filter>Header Files</Filter>
    </ClInclude>
    <ClInclude Include="IOBuffer.h">
      <Filter>Header Files</Filter>
    </ClInclude>
    <ClInclude Include="IOCompletionPort.h">
      <Filter>Header Files</Filter>
    </ClInclude>
    <ClInclude Include="IndexedOpaqueUserData.h">
      <Filter>Header Files</Filter>
    </ClInclude>
    <ClInclude Include="ManualResetEvent.h">
      <Filter>Header Files</Filter>
    </ClInclude>
    <ClInclude Include="NamedIndex.h">
      <Filter>Header Files</Filter>
    </ClInclude>
    <ClInclude Include="NoPlatformSDK.h">
      <Filter>Header Files</Filter>
    </ClInclude>
    <ClInclude Include="NodeList.h">
      <Filter>Header Files</Filter>
    </ClInclude>
    <ClInclude Include="OpaqueUserData.h">
      <Filter>Header Files</Filter>
    </ClInclude>
    <ClInclude Include="SharedCriticalSection.h">
      <Filter>Header Files</Filter>
    </ClInclude>
    <ClInclude Include="Socket.h">
      <Filter>Header Files</Filter>
    </ClInclude>
    <ClInclude Include="SocketAddress.h">
      <Filter>Header Files</Filter>
    </ClInclude>
    <ClInclude Include="SocketServer.h">
      <Filter>Header Files</Filter>
    </ClInclude>
    <ClInclude Include="StringConverter.h">
      <Filter>Header Files</Filter>
    </ClInclude>
    <ClInclude Include="SystemInfo.h">
      <Filter>Header Files</Filter>
    </ClInclude>
    <ClInclude Include="Thread.h">
      <Filter>Header Files</Filter>
    </ClInclude>
    <ClInclude Include="ThreadPool.h">
      <Filter>Header Files</Filter>
    </ClInclude>
    <ClInclude Include="Todo.h">
      <Filter>Header Files</Filter>
    </ClInclude>
    <ClInclude Include="UsesWinsock.h">
      <Filter>Header Files</Filter>
    </ClInclude>
    <ClInclude Include="Utils.h">
      <Filter>Header Files</Filter>
    </ClInclude>
    <ClInclude Include="Win32Exception.h">
      <Filter>Header Files</Filter>
    </ClInclude>
    <ClInclude Include="WinsockWrapper.h">
      <Filter>Header Files</Filter>
    </ClInclude>
    <ClInclude Include="tstring.h">
      <Filter>Header Files</Filter>
    </ClInclude>
  </ItemGroup>
  <ItemGroup>
    <None Include="Win32Tools.lnt">
      <Filter>Lint Options</Filter>
    </None>
    <None Include="std.lnt">
      <Filter>Lint Options</Filter>
    </None>
  </ItemGroup>
</Project>